
Microsoft Visual Studio Solution File, Format Version 12.00
# Visual Studio 15
VisualStudioVersion = 15.0.26730.8
MinimumVisualStudioVersion = 10.0.40219.1
Project("{FAE04EC0-301F-11D3-BF4B-00C04F79EFBC}") = "MusicChatbot", "MusicChatbot\MusicChatbot.csproj", "{A510CA23-49C7-46F0-895C-53E69E01265B}"
EndProject
Project("{FAE04EC0-301F-11D3-BF4B-00C04F79EFBC}") = "WineBotLib", "WineBotLib\WineBotLib.csproj", "{8C17E8F5-B657-4ED7-A3B7-F9C6982870C4}"
EndProject
Project("{FAE04EC0-301F-11D3-BF4B-00C04F79EFBC}") = "WineBotLuis", "WineBotLuis\WineBotLuis.csproj", "{A8BA1066-5695-4D71-ABB4-65E5A5E0C3D4}"
EndProject
Project("{FAE04EC0-301F-11D3-BF4B-00C04F79EFBC}") = "AILib", "AILib\AILib.csproj", "{1D17A84C-54DF-4502-97AB-9EE5FBEEF94A}"
EndProject
Global
	GlobalSection(SolutionConfigurationPlatforms) = preSolution
		Debug|Any CPU = Debug|Any CPU
		Release|Any CPU = Release|Any CPU
	EndGlobalSection
	GlobalSection(ProjectConfigurationPlatforms) = postSolution
		{A510CA23-49C7-46F0-895C-53E69E01265B}.Debug|Any CPU.ActiveCfg = Debug|Any CPU
		{A510CA23-49C7-46F0-895C-53E69E01265B}.Debug|Any CPU.Build.0 = Debug|Any CPU
		{A510CA23-49C7-46F0-895C-53E69E01265B}.Release|Any CPU.ActiveCfg = Release|Any CPU
		{A510CA23-49C7-46F0-895C-53E69E01265B}.Release|Any CPU.Build.0 = Release|Any CPU
		{8C17E8F5-B657-4ED7-A3B7-F9C6982870C4}.Debug|Any CPU.ActiveCfg = Debug|Any CPU
		{8C17E8F5-B657-4ED7-A3B7-F9C6982870C4}.Debug|Any CPU.Build.0 = Debug|Any CPU
		{8C17E8F5-B657-4ED7-A3B7-F9C6982870C4}.Release|Any CPU.ActiveCfg = Release|Any CPU
		{8C17E8F5-B657-4ED7-A3B7-F9C6982870C4}.Release|Any CPU.Build.0 = Release|Any CPU
		{A8BA1066-5695-4D71-ABB4-65E5A5E0C3D4}.Debug|Any CPU.ActiveCfg = Debug|Any CPU
		{A8BA1066-5695-4D71-ABB4-65E5A5E0C3D4}.Debug|Any CPU.Build.0 = Debug|Any CPU
		{A8BA1066-5695-4D71-ABB4-65E5A5E0C3D4}.Release|Any CPU.ActiveCfg = Release|Any CPU
		{A8BA1066-5695-4D71-ABB4-65E5A5E0C3D4}.Release|Any CPU.Build.0 = Release|Any CPU
		{1D17A84C-54DF-4502-97AB-9EE5FBEEF94A}.Debug|Any CPU.ActiveCfg = Debug|Any CPU
		{1D17A84C-54DF-4502-97AB-9EE5FBEEF94A}.Debug|Any CPU.Build.0 = Debug|Any CPU
		{1D17A84C-54DF-4502-97AB-9EE5FBEEF94A}.Release|Any CPU.ActiveCfg = Release|Any CPU
		{1D17A84C-54DF-4502-97AB-9EE5FBEEF94A}.Release|Any CPU.Build.0 = Release|Any CPU
	EndGlobalSection
	GlobalSection(SolutionProperties) = preSolution
		HideSolutionNode = FALSE
	EndGlobalSection
	GlobalSection(ExtensibilityGlobals) = postSolution
		SolutionGuid = {F8CED376-C5B3-4175-AEF5-5EC17B6ABB8E}
	EndGlobalSection
EndGlobal
